{
  "name": "Recipe App",
  "lockfileVersion": 3,
  "requires": true,
  "packages": {
    "": {
      "dependencies": {
        "@cashapp/sqldelight-sqljs-worker": "^2.2.1",
        "os-browserify": "^0.3.0",
        "path-browserify": "^1.0.1"
      }
    },
    "node_modules/@cashapp/sqldelight-sqljs-worker": {
      "version": "2.2.1",
      "resolved": "https://registry.npmjs.org/@cashapp/sqldelight-sqljs-worker/-/sqldelight-sqljs-worker-2.2.1.tgz",
      "integrity": "sha512-cj/llgS1T94t7rz63fI7pbi+jJx+vQofCT58KyMZb9XVRuoxb4taB5wbbBa4e/iljiuN5XIGGPFx+5PvtVh3LQ==",
      "license": "Apache-2.0",
      "peerDependencies": {
        "sql.js": "^1.8.0"
      }
    },
    "node_modules/os-browserify": {
      "version": "0.3.0",
      "resolved": "https://registry.npmjs.org/os-browserify/-/os-browserify-0.3.0.tgz",
      "integrity": "sha512-gjcpUc3clBf9+210TRaDWbf+rZZZEshZ+DlXMRCeAjp0xhTrnQsKHypIy1J3d5hKdUzj69t708EHtU8P6bUn0A==",
      "license": "MIT"
    },
    "node_modules/path-browserify": {
      "version": "1.0.1",
      "resolved": "https://registry.npmjs.org/path-browserify/-/path-browserify-1.0.1.tgz",
      "integrity": "sha512-b7uo2UCUOYZcnF/3ID0lulOJi/bafxa1xPe7ZPsammBSpjSWQkjNxlt635YGS2MiR9GjvuXCtz2emr3jbsz98g==",
      "license": "MIT"
    },
    "node_modules/sql.js": {
      "version": "1.14.0",
      "resolved": "https://registry.npmjs.org/sql.js/-/sql.js-1.14.0.tgz",
      "integrity": "sha512-NXYh+kFqLiYRCNAaHD0PcbjFgXyjuolEKLMk5vRt2DgPENtF1kkNzzMlg42dUk5wIsH8MhUzsRhaUxIisoSlZQ==",
      "license": "MIT",
      "peer": true
    }
  }
}
